
Microsoft Visual Studio Solution File, Format Version 12.00
# Visual Studio Version 17
VisualStudioVersion = 17.3.32611.2
MinimumVisualStudioVersion = 10.0.40219.1
Project("{9A19103F-16F7-4668-BE54-9A1E7A4F7556}") = "Qiu.IMS.Domain", "src\Qiu.IMS.Domain\Qiu.IMS.Domain.csproj", "{554AD327-6DBA-4F8F-96F8-81CE7A0C863F}"
EndProject
Project("{9A19103F-16F7-4668-BE54-9A1E7A4F7556}") = "Qiu.IMS.Application", "src\Qiu.IMS.Application\Qiu.IMS.Application.csproj", "{1A94A50E-06DC-43C1-80B5-B662820EC3EB}"
EndProject
Project("{9A19103F-16F7-4668-BE54-9A1E7A4F7556}") = "Qiu.IMS.EntityFrameworkCore", "src\Qiu.IMS.EntityFrameworkCore\Qiu.IMS.EntityFrameworkCore.csproj", "{C956DD76-69C8-4A9C-83EA-D17DF83340FD}"
EndProject
Project("{2150E333-8FDC-42A3-9474-1A3956D46DE8}") = "src", "src", "{CA9AC87F-097E-4F15-8393-4BC07735A5B0}"
EndProject
Project("{2150E333-8FDC-42A3-9474-1A3956D46DE8}") = "test", "test", "{04DBDB01-70F4-4E06-B468-8F87850B22BE}"
EndProject
Project("{9A19103F-16F7-4668-BE54-9A1E7A4F7556}") = "Qiu.IMS.Application.Tests", "test\Qiu.IMS.Application.Tests\Qiu.IMS.Application.Tests.csproj", "{50B2631D-129C-47B3-A587-029CCD6099BC}"
EndProject
Project("{9A19103F-16F7-4668-BE54-9A1E7A4F7556}") = "Qiu.IMS.Domain.Shared", "src\Qiu.IMS.Domain.Shared\Qiu.IMS.Domain.Shared.csproj", "{42F719ED-8413-4895-B5B4-5AB56079BC66}"
EndProject
Project("{9A19103F-16F7-4668-BE54-9A1E7A4F7556}") = "Qiu.IMS.Application.Contracts", "src\Qiu.IMS.Application.Contracts\Qiu.IMS.Application.Contracts.csproj", "{520659C8-C734-4298-A3DA-B539DB9DFC0B}"
EndProject
Project("{9A19103F-16F7-4668-BE54-9A1E7A4F7556}") = "Qiu.IMS.HttpApi", "src\Qiu.IMS.HttpApi\Qiu.IMS.HttpApi.csproj", "{4164BDF7-F527-4E85-9CE6-E3C2D7426A27}"
EndProject
Project("{9A19103F-16F7-4668-BE54-9A1E7A4F7556}") = "Qiu.IMS.HttpApi.Client", "src\Qiu.IMS.HttpApi.Client\Qiu.IMS.HttpApi.Client.csproj", "{3B5A0094-670D-4BB1-BFDD-61B88A8773DC}"
EndProject
Project("{9A19103F-16F7-4668-BE54-9A1E7A4F7556}") = "Qiu.IMS.EntityFrameworkCore.Tests", "test\Qiu.IMS.EntityFrameworkCore.Tests\Qiu.IMS.EntityFrameworkCore.Tests.csproj", "{1FE30EB9-74A9-47F5-A9F6-7B1FAB672D81}"
EndProject
Project("{9A19103F-16F7-4668-BE54-9A1E7A4F7556}") = "Qiu.IMS.TestBase", "test\Qiu.IMS.TestBase\Qiu.IMS.TestBase.csproj", "{91853F21-9CD9-4132-BC29-A7D5D84FFFE7}"
EndProject
Project("{9A19103F-16F7-4668-BE54-9A1E7A4F7556}") = "Qiu.IMS.Domain.Tests", "test\Qiu.IMS.Domain.Tests\Qiu.IMS.Domain.Tests.csproj", "{E512F4D9-9375-480F-A2F6-A46509F9D824}"
EndProject
Project("{9A19103F-16F7-4668-BE54-9A1E7A4F7556}") = "Qiu.IMS.HttpApi.Client.ConsoleTestApp", "test\Qiu.IMS.HttpApi.Client.ConsoleTestApp\Qiu.IMS.HttpApi.Client.ConsoleTestApp.csproj", "{EF480016-9127-4916-8735-D2466BDBC582}"
EndProject
Project("{9A19103F-16F7-4668-BE54-9A1E7A4F7556}") = "Qiu.IMS.DbMigrator", "src\Qiu.IMS.DbMigrator\Qiu.IMS.DbMigrator.csproj", "{70680696-BB1E-4383-BCB2-42C3767171FB}"
EndProject
Project("{9A19103F-16F7-4668-BE54-9A1E7A4F7556}") = "Qiu.IMS.HttpApi.Host", "src\Qiu.IMS.HttpApi.Host\Qiu.IMS.HttpApi.Host.csproj", "{96E5259E-59A3-4FAF-BCD1-5BF8E74EF82C}"
EndProject
Project("{2150E333-8FDC-42A3-9474-1A3956D46DE8}") = "0.0.Migrator", "0.0.Migrator", "{E4970D79-B41F-4988-9C3F-ADEA34356DC4}"
EndProject
Project("{2150E333-8FDC-42A3-9474-1A3956D46DE8}") = "Application", "Application", "{562D9B18-D662-4A8C-9369-E10DF046695A}"
EndProject
Project("{2150E333-8FDC-42A3-9474-1A3956D46DE8}") = "Domain", "Domain", "{C4FE2FE8-E340-4E61-A1F9-B5C03E9BDE7C}"
EndProject
Project("{2150E333-8FDC-42A3-9474-1A3956D46DE8}") = "Infrastructure", "Infrastructure", "{9FCE3794-E5A0-441F-BAA2-BAE6A511D8AE}"
EndProject
Project("{2150E333-8FDC-42A3-9474-1A3956D46DE8}") = "HttpApi", "HttpApi", "{CBFC186C-972A-4BFC-91BE-9B4BC9F3C53E}"
EndProject
Global
	GlobalSection(SolutionConfigurationPlatforms) = preSolution
		Debug|Any CPU = Debug|Any CPU
		Release|Any CPU = Release|Any CPU
	EndGlobalSection
	GlobalSection(ProjectConfigurationPlatforms) = postSolution
		{554AD327-6DBA-4F8F-96F8-81CE7A0C863F}.Debug|Any CPU.ActiveCfg = Debug|Any CPU
		{554AD327-6DBA-4F8F-96F8-81CE7A0C863F}.Debug|Any CPU.Build.0 = Debug|Any CPU
		{554AD327-6DBA-4F8F-96F8-81CE7A0C863F}.Release|Any CPU.ActiveCfg = Release|Any CPU
		{554AD327-6DBA-4F8F-96F8-81CE7A0C863F}.Release|Any CPU.Build.0 = Release|Any CPU
		{1A94A50E-06DC-43C1-80B5-B662820EC3EB}.Debug|Any CPU.ActiveCfg = Debug|Any CPU
		{1A94A50E-06DC-43C1-80B5-B662820EC3EB}.Debug|Any CPU.Build.0 = Debug|Any CPU
		{1A94A50E-06DC-43C1-80B5-B662820EC3EB}.Release|Any CPU.ActiveCfg = Release|Any CPU
		{1A94A50E-06DC-43C1-80B5-B662820EC3EB}.Release|Any CPU.Build.0 = Release|Any CPU
		{C956DD76-69C8-4A9C-83EA-D17DF83340FD}.Debug|Any CPU.ActiveCfg = Debug|Any CPU
		{C956DD76-69C8-4A9C-83EA-D17DF83340FD}.Debug|Any CPU.Build.0 = Debug|Any CPU
		{C956DD76-69C8-4A9C-83EA-D17DF83340FD}.Release|Any CPU.ActiveCfg = Release|Any CPU
		{C956DD76-69C8-4A9C-83EA-D17DF83340FD}.Release|Any CPU.Build.0 = Release|Any CPU
		{50B2631D-129C-47B3-A587-029CCD6099BC}.Debug|Any CPU.ActiveCfg = Debug|Any CPU
		{50B2631D-129C-47B3-A587-029CCD6099BC}.Debug|Any CPU.Build.0 = Debug|Any CPU
		{50B2631D-129C-47B3-A587-029CCD6099BC}.Release|Any CPU.ActiveCfg = Release|Any CPU
		{50B2631D-129C-47B3-A587-029CCD6099BC}.Release|Any CPU.Build.0 = Release|Any CPU
		{42F719ED-8413-4895-B5B4-5AB56079BC66}.Debug|Any CPU.ActiveCfg = Debug|Any CPU
		{42F719ED-8413-4895-B5B4-5AB56079BC66}.Debug|Any CPU.Build.0 = Debug|Any CPU
		{42F719ED-8413-4895-B5B4-5AB56079BC66}.Release|Any CPU.ActiveCfg = Release|Any CPU
		{42F719ED-8413-4895-B5B4-5AB56079BC66}.Release|Any CPU.Build.0 = Release|Any CPU
		{520659C8-C734-4298-A3DA-B539DB9DFC0B}.Debug|Any CPU.ActiveCfg = Debug|Any CPU
		{520659C8-C734-4298-A3DA-B539DB9DFC0B}.Debug|Any CPU.Build.0 = Debug|Any CPU
		{520659C8-C734-4298-A3DA-B539DB9DFC0B}.Release|Any CPU.ActiveCfg = Release|Any CPU
		{520659C8-C734-4298-A3DA-B539DB9DFC0B}.Release|Any CPU.Build.0 = Release|Any CPU
		{4164BDF7-F527-4E85-9CE6-E3C2D7426A27}.Debug|Any CPU.ActiveCfg = Debug|Any CPU
		{4164BDF7-F527-4E85-9CE6-E3C2D7426A27}.Debug|Any CPU.Build.0 = Debug|Any CPU
		{4164BDF7-F527-4E85-9CE6-E3C2D7426A27}.Release|Any CPU.ActiveCfg = Release|Any CPU
		{4164BDF7-F527-4E85-9CE6-E3C2D7426A27}.Release|Any CPU.Build.0 = Release|Any CPU
		{3B5A0094-670D-4BB1-BFDD-61B88A8773DC}.Debug|Any CPU.ActiveCfg = Debug|Any CPU
		{3B5A0094-670D-4BB1-BFDD-61B88A8773DC}.Debug|Any CPU.Build.0 = Debug|Any CPU
		{3B5A0094-670D-4BB1-BFDD-61B88A8773DC}.Release|Any CPU.ActiveCfg = Release|Any CPU
		{3B5A0094-670D-4BB1-BFDD-61B88A8773DC}.Release|Any CPU.Build.0 = Release|Any CPU
		{1FE30EB9-74A9-47F5-A9F6-7B1FAB672D81}.Debug|Any CPU.ActiveCfg = Debug|Any CPU
		{1FE30EB9-74A9-47F5-A9F6-7B1FAB672D81}.Debug|Any CPU.Build.0 = Debug|Any CPU
		{1FE30EB9-74A9-47F5-A9F6-7B1FAB672D81}.Release|Any CPU.ActiveCfg = Release|Any CPU
		{1FE30EB9-74A9-47F5-A9F6-7B1FAB672D81}.Release|Any CPU.Build.0 = Release|Any CPU
		{91853F21-9CD9-4132-BC29-A7D5D84FFFE7}.Debug|Any CPU.ActiveCfg = Debug|Any CPU
		{91853F21-9CD9-4132-BC29-A7D5D84FFFE7}.Debug|Any CPU.Build.0 = Debug|Any CPU
		{91853F21-9CD9-4132-BC29-A7D5D84FFFE7}.Release|Any CPU.ActiveCfg = Release|Any CPU
		{91853F21-9CD9-4132-BC29-A7D5D84FFFE7}.Release|Any CPU.Build.0 = Release|Any CPU
		{E512F4D9-9375-480F-A2F6-A46509F9D824}.Debug|Any CPU.ActiveCfg = Debug|Any CPU
		{E512F4D9-9375-480F-A2F6-A46509F9D824}.Debug|Any CPU.Build.0 = Debug|Any CPU
		{E512F4D9-9375-480F-A2F6-A46509F9D824}.Release|Any CPU.ActiveCfg = Release|Any CPU
		{E512F4D9-9375-480F-A2F6-A46509F9D824}.Release|Any CPU.Build.0 = Release|Any CPU
		{EF480016-9127-4916-8735-D2466BDBC582}.Debug|Any CPU.ActiveCfg = Debug|Any CPU
		{EF480016-9127-4916-8735-D2466BDBC582}.Debug|Any CPU.Build.0 = Debug|Any CPU
		{EF480016-9127-4916-8735-D2466BDBC582}.Release|Any CPU.ActiveCfg = Release|Any CPU
		{EF480016-9127-4916-8735-D2466BDBC582}.Release|Any CPU.Build.0 = Release|Any CPU
		{70680696-BB1E-4383-BCB2-42C3767171FB}.Debug|Any CPU.ActiveCfg = Debug|Any CPU
		{70680696-BB1E-4383-BCB2-42C3767171FB}.Debug|Any CPU.Build.0 = Debug|Any CPU
		{70680696-BB1E-4383-BCB2-42C3767171FB}.Release|Any CPU.ActiveCfg = Release|Any CPU
		{70680696-BB1E-4383-BCB2-42C3767171FB}.Release|Any CPU.Build.0 = Release|Any CPU
		{96E5259E-59A3-4FAF-BCD1-5BF8E74EF82C}.Debug|Any CPU.ActiveCfg = Debug|Any CPU
		{96E5259E-59A3-4FAF-BCD1-5BF8E74EF82C}.Debug|Any CPU.Build.0 = Debug|Any CPU
		{96E5259E-59A3-4FAF-BCD1-5BF8E74EF82C}.Release|Any CPU.ActiveCfg = Release|Any CPU
		{96E5259E-59A3-4FAF-BCD1-5BF8E74EF82C}.Release|Any CPU.Build.0 = Release|Any CPU
	EndGlobalSection
	GlobalSection(SolutionProperties) = preSolution
		HideSolutionNode = FALSE
	EndGlobalSection
	GlobalSection(NestedProjects) = preSolution
		{554AD327-6DBA-4F8F-96F8-81CE7A0C863F} = {C4FE2FE8-E340-4E61-A1F9-B5C03E9BDE7C}
		{1A94A50E-06DC-43C1-80B5-B662820EC3EB} = {562D9B18-D662-4A8C-9369-E10DF046695A}
		{C956DD76-69C8-4A9C-83EA-D17DF83340FD} = {9FCE3794-E5A0-441F-BAA2-BAE6A511D8AE}
		{50B2631D-129C-47B3-A587-029CCD6099BC} = {04DBDB01-70F4-4E06-B468-8F87850B22BE}
		{42F719ED-8413-4895-B5B4-5AB56079BC66} = {C4FE2FE8-E340-4E61-A1F9-B5C03E9BDE7C}
		{520659C8-C734-4298-A3DA-B539DB9DFC0B} = {562D9B18-D662-4A8C-9369-E10DF046695A}
		{4164BDF7-F527-4E85-9CE6-E3C2D7426A27} = {CBFC186C-972A-4BFC-91BE-9B4BC9F3C53E}
		{3B5A0094-670D-4BB1-BFDD-61B88A8773DC} = {CBFC186C-972A-4BFC-91BE-9B4BC9F3C53E}
		{1FE30EB9-74A9-47F5-A9F6-7B1FAB672D81} = {04DBDB01-70F4-4E06-B468-8F87850B22BE}
		{91853F21-9CD9-4132-BC29-A7D5D84FFFE7} = {04DBDB01-70F4-4E06-B468-8F87850B22BE}
		{E512F4D9-9375-480F-A2F6-A46509F9D824} = {04DBDB01-70F4-4E06-B468-8F87850B22BE}
		{EF480016-9127-4916-8735-D2466BDBC582} = {04DBDB01-70F4-4E06-B468-8F87850B22BE}
		{70680696-BB1E-4383-BCB2-42C3767171FB} = {E4970D79-B41F-4988-9C3F-ADEA34356DC4}
		{96E5259E-59A3-4FAF-BCD1-5BF8E74EF82C} = {CBFC186C-972A-4BFC-91BE-9B4BC9F3C53E}
		{562D9B18-D662-4A8C-9369-E10DF046695A} = {CA9AC87F-097E-4F15-8393-4BC07735A5B0}
		{C4FE2FE8-E340-4E61-A1F9-B5C03E9BDE7C} = {CA9AC87F-097E-4F15-8393-4BC07735A5B0}
		{9FCE3794-E5A0-441F-BAA2-BAE6A511D8AE} = {CA9AC87F-097E-4F15-8393-4BC07735A5B0}
		{CBFC186C-972A-4BFC-91BE-9B4BC9F3C53E} = {CA9AC87F-097E-4F15-8393-4BC07735A5B0}
	EndGlobalSection
	GlobalSection(ExtensibilityGlobals) = postSolution
		SolutionGuid = {28315BFD-90E7-4E14-A2EA-F3D23AF4126F}
	EndGlobalSection
EndGlobal
